
Microsoft Visual Studio Solution File, Format Version 12.00
# Visual Studio Version 17
VisualStudioVersion = 17.14.37027.9
MinimumVisualStudioVersion = 10.0.40219.1
Project("{FAE04EC0-301F-11D3-BF4B-00C04F79EFBC}") = "InnoClinic.Auth.Domain", "InnoClinic.Domain\InnoClinic.Auth.Domain.csproj", "{19A889D4-32AD-4C01-A3A0-069D0B64C723}"
EndProject
Project("{FAE04EC0-301F-11D3-BF4B-00C04F79EFBC}") = "InnoClinic.Auth.Application", "InnoClinic.Application\InnoClinic.Auth.Application.csproj", "{9D94AEC6-A838-47DE-98CC-DA65FB58DE93}"
EndProject
Project("{FAE04EC0-301F-11D3-BF4B-00C04F79EFBC}") = "InnoClinic.Auth.Infrastructure", "InnoClinic.Infrastructure\InnoClinic.Auth.Infrastructure.csproj", "{8514E145-20B1-4E19-A09D-DC83EEB4B5C5}"
EndProject
Project("{FAE04EC0-301F-11D3-BF4B-00C04F79EFBC}") = "InnoClinic.Auth.Api", "InnoClinic.Api\InnoClinic.Auth.Api.csproj", "{96165D2C-0CB8-4516-A381-04E1B0C342DA}"
EndProject
Project("{2150E333-8FDC-42A3-9474-1A3956D46DE8}") = "Authorization", "Authorization", "{36D591C7-65C7-A0D1-1CBC-10CDE441BDC8}"
EndProject
Project("{2150E333-8FDC-42A3-9474-1A3956D46DE8}") = "Profiles", "Profiles", "{315B24E9-EB86-4EBA-A133-CC383A604F00}"
EndProject
Project("{FAE04EC0-301F-11D3-BF4B-00C04F79EFBC}") = "InnoClinic.Profiles.Api", "InnoClinic.Profiles.Api\InnoClinic.Profiles.Api.csproj", "{78BEAD38-0EE2-46E5-886B-6A87AA1C5083}"
EndProject
Project("{FAE04EC0-301F-11D3-BF4B-00C04F79EFBC}") = "InnoClinic.Profiles.Domain", "InnoClinic.Profiles.Domain\InnoClinic.Profiles.Domain.csproj", "{154B29F2-F22B-4CC2-92FA-EFD363EF9773}"
EndProject
Project("{FAE04EC0-301F-11D3-BF4B-00C04F79EFBC}") = "InnoClinic.Profiles.Infrastructure", "InnoClinic.Profiles.Infrastructure\InnoClinic.Profiles.Infrastructure.csproj", "{2666FC81-326E-4BC3-9769-A58C77847EFB}"
EndProject
Project("{FAE04EC0-301F-11D3-BF4B-00C04F79EFBC}") = "InnoClinic.Profiles.Application", "InnoClinic.Profiles.Application\InnoClinic.Profiles.Application.csproj", "{96B4A07A-0097-4E53-BD57-30DD3EA1D858}"
EndProject
Project("{2150E333-8FDC-42A3-9474-1A3956D46DE8}") = "Services", "Services", "{E7887B10-0FEA-4BF8-AEC2-CB6A1A9846AA}"
EndProject
Project("{FAE04EC0-301F-11D3-BF4B-00C04F79EFBC}") = "InnoClinic.Services.Api", "InnoClinic.Services.Api\InnoClinic.Services.Api.csproj", "{662BF5A5-E636-4058-B078-88A18BC34DBB}"
EndProject
Project("{FAE04EC0-301F-11D3-BF4B-00C04F79EFBC}") = "InnoClinic.Services.Domain", "InnoClinic.Services.Domain\InnoClinic.Services.Domain.csproj", "{6E895A9E-B5E8-4FA5-A22E-A8ECA1007AB3}"
EndProject
Project("{FAE04EC0-301F-11D3-BF4B-00C04F79EFBC}") = "InnoClinic.Services.Application", "InnoClinic.Services.Application\InnoClinic.Services.Application.csproj", "{ADA854DF-2808-46F1-93EC-886F82E39E96}"
EndProject
Project("{FAE04EC0-301F-11D3-BF4B-00C04F79EFBC}") = "InnoClinic.Services.Infrastructure", "InnoClinic.Services.Infrastructure\InnoClinic.Services.Infrastructure.csproj", "{C9E5FA34-AF88-41FB-BBD9-4007D2755C1B}"
EndProject
Global
	GlobalSection(SolutionConfigurationPlatforms) = preSolution
		Debug|Any CPU = Debug|Any CPU
		Release|Any CPU = Release|Any CPU
	EndGlobalSection
	GlobalSection(ProjectConfigurationPlatforms) = postSolution
		{19A889D4-32AD-4C01-A3A0-069D0B64C723}.Debug|Any CPU.ActiveCfg = Debug|Any CPU
		{19A889D4-32AD-4C01-A3A0-069D0B64C723}.Debug|Any CPU.Build.0 = Debug|Any CPU
		{19A889D4-32AD-4C01-A3A0-069D0B64C723}.Release|Any CPU.ActiveCfg = Release|Any CPU
		{19A889D4-32AD-4C01-A3A0-069D0B64C723}.Release|Any CPU.Build.0 = Release|Any CPU
		{9D94AEC6-A838-47DE-98CC-DA65FB58DE93}.Debug|Any CPU.ActiveCfg = Debug|Any CPU
		{9D94AEC6-A838-47DE-98CC-DA65FB58DE93}.Debug|Any CPU.Build.0 = Debug|Any CPU
		{9D94AEC6-A838-47DE-98CC-DA65FB58DE93}.Release|Any CPU.ActiveCfg = Release|Any CPU
		{9D94AEC6-A838-47DE-98CC-DA65FB58DE93}.Release|Any CPU.Build.0 = Release|Any CPU
		{8514E145-20B1-4E19-A09D-DC83EEB4B5C5}.Debug|Any CPU.ActiveCfg = Debug|Any CPU
		{8514E145-20B1-4E19-A09D-DC83EEB4B5C5}.Debug|Any CPU.Build.0 = Debug|Any CPU
		{8514E145-20B1-4E19-A09D-DC83EEB4B5C5}.Release|Any CPU.ActiveCfg = Release|Any CPU
		{8514E145-20B1-4E19-A09D-DC83EEB4B5C5}.Release|Any CPU.Build.0 = Release|Any CPU
		{96165D2C-0CB8-4516-A381-04E1B0C342DA}.Debug|Any CPU.ActiveCfg = Debug|Any CPU
		{96165D2C-0CB8-4516-A381-04E1B0C342DA}.Debug|Any CPU.Build.0 = Debug|Any CPU
		{96165D2C-0CB8-4516-A381-04E1B0C342DA}.Release|Any CPU.ActiveCfg = Release|Any CPU
		{96165D2C-0CB8-4516-A381-04E1B0C342DA}.Release|Any CPU.Build.0 = Release|Any CPU
		{78BEAD38-0EE2-46E5-886B-6A87AA1C5083}.Debug|Any CPU.ActiveCfg = Debug|Any CPU
		{78BEAD38-0EE2-46E5-886B-6A87AA1C5083}.Debug|Any CPU.Build.0 = Debug|Any CPU
		{78BEAD38-0EE2-46E5-886B-6A87AA1C5083}.Release|Any CPU.ActiveCfg = Release|Any CPU
		{78BEAD38-0EE2-46E5-886B-6A87AA1C5083}.Release|Any CPU.Build.0 = Release|Any CPU
		{154B29F2-F22B-4CC2-92FA-EFD363EF9773}.Debug|Any CPU.ActiveCfg = Debug|Any CPU
		{154B29F2-F22B-4CC2-92FA-EFD363EF9773}.Debug|Any CPU.Build.0 = Debug|Any CPU
		{154B29F2-F22B-4CC2-92FA-EFD363EF9773}.Release|Any CPU.ActiveCfg = Release|Any CPU
		{154B29F2-F22B-4CC2-92FA-EFD363EF9773}.Release|Any CPU.Build.0 = Release|Any CPU
		{2666FC81-326E-4BC3-9769-A58C77847EFB}.Debug|Any CPU.ActiveCfg = Debug|Any CPU
		{2666FC81-326E-4BC3-9769-A58C77847EFB}.Debug|Any CPU.Build.0 = Debug|Any CPU
		{2666FC81-326E-4BC3-9769-A58C77847EFB}.Release|Any CPU.ActiveCfg = Release|Any CPU
		{2666FC81-326E-4BC3-9769-A58C77847EFB}.Release|Any CPU.Build.0 = Release|Any CPU
		{96B4A07A-0097-4E53-BD57-30DD3EA1D858}.Debug|Any CPU.ActiveCfg = Debug|Any CPU
		{96B4A07A-0097-4E53-BD57-30DD3EA1D858}.Debug|Any CPU.Build.0 = Debug|Any CPU
		{96B4A07A-0097-4E53-BD57-30DD3EA1D858}.Release|Any CPU.ActiveCfg = Release|Any CPU
		{96B4A07A-0097-4E53-BD57-30DD3EA1D858}.Release|Any CPU.Build.0 = Release|Any CPU
		{662BF5A5-E636-4058-B078-88A18BC34DBB}.Debug|Any CPU.ActiveCfg = Debug|Any CPU
		{662BF5A5-E636-4058-B078-88A18BC34DBB}.Debug|Any CPU.Build.0 = Debug|Any CPU
		{662BF5A5-E636-4058-B078-88A18BC34DBB}.Release|Any CPU.ActiveCfg = Release|Any CPU
		{662BF5A5-E636-4058-B078-88A18BC34DBB}.Release|Any CPU.Build.0 = Release|Any CPU
		{6E895A9E-B5E8-4FA5-A22E-A8ECA1007AB3}.Debug|Any CPU.ActiveCfg = Debug|Any CPU
		{6E895A9E-B5E8-4FA5-A22E-A8ECA1007AB3}.Debug|Any CPU.Build.0 = Debug|Any CPU
		{6E895A9E-B5E8-4FA5-A22E-A8ECA1007AB3}.Release|Any CPU.ActiveCfg = Release|Any CPU
		{6E895A9E-B5E8-4FA5-A22E-A8ECA1007AB3}.Release|Any CPU.Build.0 = Release|Any CPU
		{ADA854DF-2808-46F1-93EC-886F82E39E96}.Debug|Any CPU.ActiveCfg = Debug|Any CPU
		{ADA854DF-2808-46F1-93EC-886F82E39E96}.Debug|Any CPU.Build.0 = Debug|Any CPU
		{ADA854DF-2808-46F1-93EC-886F82E39E96}.Release|Any CPU.ActiveCfg = Release|Any CPU
		{ADA854DF-2808-46F1-93EC-886F82E39E96}.Release|Any CPU.Build.0 = Release|Any CPU
		{C9E5FA34-AF88-41FB-BBD9-4007D2755C1B}.Debug|Any CPU.ActiveCfg = Debug|Any CPU
		{C9E5FA34-AF88-41FB-BBD9-4007D2755C1B}.Debug|Any CPU.Build.0 = Debug|Any CPU
		{C9E5FA34-AF88-41FB-BBD9-4007D2755C1B}.Release|Any CPU.ActiveCfg = Release|Any CPU
		{C9E5FA34-AF88-41FB-BBD9-4007D2755C1B}.Release|Any CPU.Build.0 = Release|Any CPU
	EndGlobalSection
	GlobalSection(SolutionProperties) = preSolution
		HideSolutionNode = FALSE
	EndGlobalSection
	GlobalSection(NestedProjects) = preSolution
		{19A889D4-32AD-4C01-A3A0-069D0B64C723} = {36D591C7-65C7-A0D1-1CBC-10CDE441BDC8}
		{9D94AEC6-A838-47DE-98CC-DA65FB58DE93} = {36D591C7-65C7-A0D1-1CBC-10CDE441BDC8}
		{8514E145-20B1-4E19-A09D-DC83EEB4B5C5} = {36D591C7-65C7-A0D1-1CBC-10CDE441BDC8}
		{96165D2C-0CB8-4516-A381-04E1B0C342DA} = {36D591C7-65C7-A0D1-1CBC-10CDE441BDC8}
		{78BEAD38-0EE2-46E5-886B-6A87AA1C5083} = {315B24E9-EB86-4EBA-A133-CC383A604F00}
		{154B29F2-F22B-4CC2-92FA-EFD363EF9773} = {315B24E9-EB86-4EBA-A133-CC383A604F00}
		{2666FC81-326E-4BC3-9769-A58C77847EFB} = {315B24E9-EB86-4EBA-A133-CC383A604F00}
		{96B4A07A-0097-4E53-BD57-30DD3EA1D858} = {315B24E9-EB86-4EBA-A133-CC383A604F00}
		{662BF5A5-E636-4058-B078-88A18BC34DBB} = {E7887B10-0FEA-4BF8-AEC2-CB6A1A9846AA}
		{6E895A9E-B5E8-4FA5-A22E-A8ECA1007AB3} = {E7887B10-0FEA-4BF8-AEC2-CB6A1A9846AA}
		{ADA854DF-2808-46F1-93EC-886F82E39E96} = {E7887B10-0FEA-4BF8-AEC2-CB6A1A9846AA}
		{C9E5FA34-AF88-41FB-BBD9-4007D2755C1B} = {E7887B10-0FEA-4BF8-AEC2-CB6A1A9846AA}
	EndGlobalSection
	GlobalSection(ExtensibilityGlobals) = postSolution
		SolutionGuid = {8917D5F6-5471-41F8-B9C3-C46AA5A0F5E7}
	EndGlobalSection
EndGlobal
